
Microsoft Visual Studio Solution File, Format Version 12.00
# Visual Studio Version 16
VisualStudioVersion = 16.0.31321.278
MinimumVisualStudioVersion = 10.0.40219.1
Project("{FAE04EC0-301F-11D3-BF4B-00C04F79EFBC}") = "davidik", "davidik\davidik.csproj", "{36D96DBE-5EE5-4978-B089-269424C92C3B}"
EndProject
Global
	GlobalSection(SolutionConfigurationPlatforms) = preSolution
		Debug|Any CPU = Debug|Any CPU
		Release|Any CPU = Release|Any CPU
	EndGlobalSection
	GlobalSection(ProjectConfigurationPlatforms) = postSolution
		{36D96DBE-5EE5-4978-B089-269424C92C3B}.Debug|Any CPU.ActiveCfg = Debug|Any CPU
		{36D96DBE-5EE5-4978-B089-269424C92C3B}.Debug|Any CPU.Build.0 = Debug|Any CPU
		{36D96DBE-5EE5-4978-B089-269424C92C3B}.Release|Any CPU.ActiveCfg = Release|Any CPU
		{36D96DBE-5EE5-4978-B089-269424C92C3B}.Release|Any CPU.Build.0 = Release|Any CPU
	EndGlobalSection
	GlobalSection(SolutionProperties) = preSolution
		HideSolutionNode = FALSE
	EndGlobalSection
	GlobalSection(ExtensibilityGlobals) = postSolution
		SolutionGuid = {B5838D33-5993-400B-9ED1-7E60372CF936}
	EndGlobalSection
EndGlobal
